
Microsoft Visual Studio Solution File, Format Version 12.00
# Visual Studio Version 17
VisualStudioVersion = 17.2.32519.379
MinimumVisualStudioVersion = 10.0.40219.1
Project("{FAE04EC0-301F-11D3-BF4B-00C04F79EFBC}") = "VirtMatty", "VirtMatty.csproj", "{50C739C2-4E98-40F5-8322-6A6A456D68C7}"
EndProject
Global
	GlobalSection(SolutionConfigurationPlatforms) = preSolution
		Debug|Any CPU = Debug|Any CPU
		Release|Any CPU = Release|Any CPU
	EndGlobalSection
	GlobalSection(ProjectConfigurationPlatforms) = postSolution
		{50C739C2-4E98-40F5-8322-6A6A456D68C7}.Debug|Any CPU.ActiveCfg = Debug|Any CPU
		{50C739C2-4E98-40F5-8322-6A6A456D68C7}.Debug|Any CPU.Build.0 = Debug|Any CPU
		{50C739C2-4E98-40F5-8322-6A6A456D68C7}.Release|Any CPU.ActiveCfg = Release|Any CPU
		{50C739C2-4E98-40F5-8322-6A6A456D68C7}.Release|Any CPU.Build.0 = Release|Any CPU
	EndGlobalSection
	GlobalSection(SolutionProperties) = preSolution
		HideSolutionNode = FALSE
	EndGlobalSection
	GlobalSection(ExtensibilityGlobals) = postSolution
		SolutionGuid = {03EBD831-BCA9-4318-BCDD-8FA2135F25C7}
	EndGlobalSection
EndGlobal
